
Microsoft Visual Studio Solution File, Format Version 12.00
# Visual Studio Version 16
VisualStudioVersion = 16.0.32228.343
MinimumVisualStudioVersion = 10.0.40219.1
Project("{9A19103F-16F7-4668-BE54-9A1E7A4F7556}") = "TestTask", "TestTask\TestTask.csproj", "{18C13394-78E6-4AD9-A388-BDF154FA95D9}"
EndProject
Global
	GlobalSection(SolutionConfigurationPlatforms) = preSolution
		Debug|Any CPU = Debug|Any CPU
		Release|Any CPU = Release|Any CPU
	EndGlobalSection
	GlobalSection(ProjectConfigurationPlatforms) = postSolution
		{18C13394-78E6-4AD9-A388-BDF154FA95D9}.Debug|Any CPU.ActiveCfg = Debug|Any CPU
		{18C13394-78E6-4AD9-A388-BDF154FA95D9}.Debug|Any CPU.Build.0 = Debug|Any CPU
		{18C13394-78E6-4AD9-A388-BDF154FA95D9}.Release|Any CPU.ActiveCfg = Release|Any CPU
		{18C13394-78E6-4AD9-A388-BDF154FA95D9}.Release|Any CPU.Build.0 = Release|Any CPU
	EndGlobalSection
	GlobalSection(SolutionProperties) = preSolution
		HideSolutionNode = FALSE
	EndGlobalSection
	GlobalSection(ExtensibilityGlobals) = postSolution
		SolutionGuid = {DB04BC31-A261-4A1B-BEC4-FD728A7034A2}
	EndGlobalSection
EndGlobal
